
Microsoft Visual Studio Solution File, Format Version 12.00
# Visual Studio Version 17
VisualStudioVersion = 17.11.35222.181
MinimumVisualStudioVersion = 10.0.40219.1
Project("{9A19103F-16F7-4668-BE54-9A1E7A4F7556}") = "Ahorcado", "Ahorcado\Ahorcado.csproj", "{07AFB25B-3A78-4DA9-8F44-6906BB94AA22}"
EndProject
Project("{9A19103F-16F7-4668-BE54-9A1E7A4F7556}") = "MSTest_Ahorcado", "MSTest_Ahorcado\MSTest_Ahorcado.csproj", "{A416BC81-6340-4E58-8A33-202DCC0F6E7A}"
EndProject
Project("{FAE04EC0-301F-11D3-BF4B-00C04F79EFBC}") = "MVC", "MVC\MVC.csproj", "{B70A310E-5529-42F3-8BE3-FFEEE69C5A3A}"
EndProject
Global
	GlobalSection(SolutionConfigurationPlatforms) = preSolution
		Debug|Any CPU = Debug|Any CPU
		Release|Any CPU = Release|Any CPU
	EndGlobalSection
	GlobalSection(ProjectConfigurationPlatforms) = postSolution
		{07AFB25B-3A78-4DA9-8F44-6906BB94AA22}.Debug|Any CPU.ActiveCfg = Debug|Any CPU
		{07AFB25B-3A78-4DA9-8F44-6906BB94AA22}.Debug|Any CPU.Build.0 = Debug|Any CPU
		{07AFB25B-3A78-4DA9-8F44-6906BB94AA22}.Release|Any CPU.ActiveCfg = Release|Any CPU
		{07AFB25B-3A78-4DA9-8F44-6906BB94AA22}.Release|Any CPU.Build.0 = Release|Any CPU
		{A416BC81-6340-4E58-8A33-202DCC0F6E7A}.Debug|Any CPU.ActiveCfg = Debug|Any CPU
		{A416BC81-6340-4E58-8A33-202DCC0F6E7A}.Debug|Any CPU.Build.0 = Debug|Any CPU
		{A416BC81-6340-4E58-8A33-202DCC0F6E7A}.Release|Any CPU.ActiveCfg = Release|Any CPU
		{A416BC81-6340-4E58-8A33-202DCC0F6E7A}.Release|Any CPU.Build.0 = Release|Any CPU
		{B70A310E-5529-42F3-8BE3-FFEEE69C5A3A}.Debug|Any CPU.ActiveCfg = Debug|Any CPU
		{B70A310E-5529-42F3-8BE3-FFEEE69C5A3A}.Debug|Any CPU.Build.0 = Debug|Any CPU
		{B70A310E-5529-42F3-8BE3-FFEEE69C5A3A}.Release|Any CPU.ActiveCfg = Release|Any CPU
		{B70A310E-5529-42F3-8BE3-FFEEE69C5A3A}.Release|Any CPU.Build.0 = Release|Any CPU
	EndGlobalSection
	GlobalSection(SolutionProperties) = preSolution
		HideSolutionNode = FALSE
	EndGlobalSection
	GlobalSection(ExtensibilityGlobals) = postSolution
		SolutionGuid = {134E0295-301A-4AE0-A2AE-BCA2808E5CE7}
	EndGlobalSection
EndGlobal
